
Microsoft Visual Studio Solution File, Format Version 12.00
# Visual Studio Version 17
VisualStudioVersion = 17.8.34601.278
MinimumVisualStudioVersion = 10.0.40219.1
Project("{9A19103F-16F7-4668-BE54-9A1E7A4F7556}") = "ContactBookApplication", "ContactBookApplication\ContactBookApplication.csproj", "{1023A8D3-326F-4F1C-A009-CA39D7122517}"
EndProject
Project("{9A19103F-16F7-4668-BE54-9A1E7A4F7556}") = "ApiContactbookApplication", "ApiContactbookApplication\ApiContactbookApplication.csproj", "{49E1E25C-F202-4183-959E-6CA05CE79414}"
EndProject
Project("{9A19103F-16F7-4668-BE54-9A1E7A4F7556}") = "ClientApiContactbookApplication", "ClientApiContactbookApplication\ClientApiContactbookApplication.csproj", "{D2E169DF-98BD-42DC-8BC2-15BBFACBB296}"
EndProject
Project("{9A19103F-16F7-4668-BE54-9A1E7A4F7556}") = "ClientApiContactbookApplicationTests", "ClientApiContactbookApplicationTests\ClientApiContactbookApplicationTests.csproj", "{94BFD32C-4146-4D46-A368-196D047D6110}"
EndProject
Project("{FAE04EC0-301F-11D3-BF4B-00C04F79EFBC}") = "ApiContactbookApplicationTests", "ApiContactbookApplicationTests\ApiContactbookApplicationTests.csproj", "{AB64B653-9EED-4B82-8CF6-AB4FCFC14B22}"
EndProject
Global
	GlobalSection(SolutionConfigurationPlatforms) = preSolution
		Debug|Any CPU = Debug|Any CPU
		Release|Any CPU = Release|Any CPU
	EndGlobalSection
	GlobalSection(ProjectConfigurationPlatforms) = postSolution
		{1023A8D3-326F-4F1C-A009-CA39D7122517}.Debug|Any CPU.ActiveCfg = Debug|Any CPU
		{1023A8D3-326F-4F1C-A009-CA39D7122517}.Debug|Any CPU.Build.0 = Debug|Any CPU
		{1023A8D3-326F-4F1C-A009-CA39D7122517}.Release|Any CPU.ActiveCfg = Release|Any CPU
		{1023A8D3-326F-4F1C-A009-CA39D7122517}.Release|Any CPU.Build.0 = Release|Any CPU
		{49E1E25C-F202-4183-959E-6CA05CE79414}.Debug|Any CPU.ActiveCfg = Debug|Any CPU
		{49E1E25C-F202-4183-959E-6CA05CE79414}.Debug|Any CPU.Build.0 = Debug|Any CPU
		{49E1E25C-F202-4183-959E-6CA05CE79414}.Release|Any CPU.ActiveCfg = Release|Any CPU
		{49E1E25C-F202-4183-959E-6CA05CE79414}.Release|Any CPU.Build.0 = Release|Any CPU
		{D2E169DF-98BD-42DC-8BC2-15BBFACBB296}.Debug|Any CPU.ActiveCfg = Debug|Any CPU
		{D2E169DF-98BD-42DC-8BC2-15BBFACBB296}.Debug|Any CPU.Build.0 = Debug|Any CPU
		{D2E169DF-98BD-42DC-8BC2-15BBFACBB296}.Release|Any CPU.ActiveCfg = Release|Any CPU
		{D2E169DF-98BD-42DC-8BC2-15BBFACBB296}.Release|Any CPU.Build.0 = Release|Any CPU
		{94BFD32C-4146-4D46-A368-196D047D6110}.Debug|Any CPU.ActiveCfg = Debug|Any CPU
		{94BFD32C-4146-4D46-A368-196D047D6110}.Debug|Any CPU.Build.0 = Debug|Any CPU
		{94BFD32C-4146-4D46-A368-196D047D6110}.Release|Any CPU.ActiveCfg = Release|Any CPU
		{94BFD32C-4146-4D46-A368-196D047D6110}.Release|Any CPU.Build.0 = Release|Any CPU
		{AB64B653-9EED-4B82-8CF6-AB4FCFC14B22}.Debug|Any CPU.ActiveCfg = Debug|Any CPU
		{AB64B653-9EED-4B82-8CF6-AB4FCFC14B22}.Debug|Any CPU.Build.0 = Debug|Any CPU
		{AB64B653-9EED-4B82-8CF6-AB4FCFC14B22}.Release|Any CPU.ActiveCfg = Release|Any CPU
		{AB64B653-9EED-4B82-8CF6-AB4FCFC14B22}.Release|Any CPU.Build.0 = Release|Any CPU
	EndGlobalSection
	GlobalSection(SolutionProperties) = preSolution
		HideSolutionNode = FALSE
	EndGlobalSection
	GlobalSection(ExtensibilityGlobals) = postSolution
		SolutionGuid = {AF02C4C9-9C7F-4094-AA63-77507D6BBB92}
	EndGlobalSection
EndGlobal
